// !$*UTF8*$!
{
	archiveVersion = 1;
	classes = {
	};
	objectVersion = 56;
	objects = {

/* Begin PBXBuildFile section */
		25BE87BC299931A700F4B734 /* AppDelegate.swift in Sources */ = {isa = PBXBuildFile; fileRef = 25BE87BB299931A700F4B734 /* AppDelegate.swift */; };
		25BE87BE299931A700F4B734 /* SceneDelegate.swift in Sources */ = {isa = PBXBuildFile; fileRef = 25BE87BD299931A700F4B734 /* SceneDelegate.swift */; };
		25BE87C0299931A700F4B734 /* ViewController.swift in Sources */ = {isa = PBXBuildFile; fileRef = 25BE87BF299931A700F4B734 /* ViewController.swift */; };
		25BE87C3299931A700F4B734 /* Main.storyboard in Resources */ = {isa = PBXBuildFile; fileRef = 25BE87C1299931A700F4B734 /* Main.storyboard */; };
		25BE87C6299931A700F4B734 /* CoreData_SamMeech.xcdatamodeld in Sources */ = {isa = PBXBuildFile; fileRef = 25BE87C4299931A700F4B734 /* CoreData_SamMeech.xcdatamodeld */; };
		25BE87C8299931AA00F4B734 /* Assets.xcassets in Resources */ = {isa = PBXBuildFile; fileRef = 25BE87C7299931AA00F4B734 /* Assets.xcassets */; };
		25BE87CB299931AA00F4B734 /* LaunchScreen.storyboard in Resources */ = {isa = PBXBuildFile; fileRef = 25BE87C9299931AA00F4B734 /* LaunchScreen.storyboard */; };
/* End PBXBuildFile section */

/* Begin PBXFileReference section */
		25BE87B8299931A700F4B734 /* CoreData-SamMeech.app */ = {isa = PBXFileReference; explicitFileType = wrapper.application; includeInIndex = 0; path = "CoreData-SamMeech.app"; sourceTree = BUILT_PRODUCTS_DIR; };
		25BE87BB299931A700F4B734 /* AppDelegate.swift */ = {isa = PBXFileReference; lastKnownFileType = sourcecode.swift; path = AppDelegate.swift; sourceTree = "<group>"; };
		25BE87BD299931A700F4B734 /* SceneDelegate.swift */ = {isa = PBXFileReference; lastKnownFileType = sourcecode.swift; path = SceneDelegate.swift; sourceTree = "<group>"; };
		25BE87BF299931A700F4B734 /* ViewController.swift */ = {isa = PBXFileReference; lastKnownFileType = sourcecode.swift; path = ViewController.swift; sourceTree = "<group>"; };
		25BE87C2299931A700F4B734 /* Base */ = {isa = PBXFileReference; lastKnownFileType = file.storyboard; name = Base; path = Base.lproj/Main.storyboard; sourceTree = "<group>"; };
		25BE87C5299931A700F4B734 /* CoreData_SamMeech.xcdatamodel */ = {isa = PBXFileReference; lastKnownFileType = wrapper.xcdatamodel; path = CoreData_SamMeech.xcdatamodel; sourceTree = "<group>"; };
		25BE87C7299931AA00F4B734 /* Assets.xcassets */ = {isa = PBXFileReference; lastKnownFileType = folder.assetcatalog; path = Assets.xcassets; sourceTree = "<group>"; };
		25BE87CA299931AA00F4B734 /* Base */ = {isa = PBXFileReference; lastKnownFileType = file.storyboard; name = Base; path = Base.lproj/LaunchScreen.storyboard; sourceTree = "<group>"; };
		25BE87CC299931AA00F4B734 /* Info.plist */ = {isa = PBXFileReference; lastKnownFileType = text.plist.xml; path = Info.plist; sourceTree = "<group>"; };
/* End PBXFileReference section */

/* Begin PBXFrameworksBuildPhase section */
		25BE87B5299931A700F4B734 /* Frameworks */ = {
			isa = PBXFrameworksBuildPhase;
			buildActionMask = 2147483647;
			files = (
			);
			runOnlyForDeploymentPostprocessing = 0;
		};
/* End PBXFrameworksBuildPhase section */

/* Begin PBXGroup section */
		25BE87AF299931A700F4B734 = {
			isa = PBXGroup;
			children = (
				25BE87BA299931A700F4B734 /* CoreData-SamMeech */,
				25BE87B9299931A700F4B734 /* Products */,
			);
			sourceTree = "<group>";
		};
		25BE87B9299931A700F4B734 /* Products */ = {
			isa = PBXGroup;
			children = (
				25BE87B8299931A700F4B734 /* CoreData-SamMeech.app */,
			);
			name = Products;
			sourceTree = "<group>";
		};
		25BE87BA299931A700F4B734 /* CoreData-SamMeech */ = {
			isa = PBXGroup;
			children = (
				25BE87BB299931A700F4B734 /* AppDelegate.swift */,
				25BE87BD299931A700F4B734 /* SceneDelegate.swift */,
				25BE87BF299931A700F4B734 /* ViewController.swift */,
				25BE87C1299931A700F4B734 /* Main.storyboard */,
				25BE87C7299931AA00F4B734 /* Assets.xcassets */,
				25BE87C9299931AA00F4B734 /* LaunchScreen.storyboard */,
				25BE87CC299931AA00F4B734 /* Info.plist */,
				25BE87C4299931A700F4B734 /* CoreData_SamMeech.xcdatamodeld */,
			);
			path = "CoreData-SamMeech";
			sourceTree = "<group>";
		};
/* End PBXGroup section */

/* Begin PBXNativeTarget section */
		25BE87B7299931A700F4B734 /* CoreData-SamMeech */ = {
			isa = PBXNativeTarget;
			buildConfigurationList = 25BE87CF299931AA00F4B734 /* Build configuration list for PBXNativeTarget "CoreData-SamMeech" */;
			buildPhases = (
				25BE87B4299931A700F4B734 /* Sources */,
				25BE87B5299931A700F4B734 /* Frameworks */,
				25BE87B6299931A700F4B734 /* Resources */,
			);
			buildRules = (
			);
			dependencies = (
			);
			name = "CoreData-SamMeech";
			productName = "CoreData-SamMeech";
			productReference = 25BE87B8299931A700F4B734 /* CoreData-SamMeech.app */;
			productType = "com.apple.product-type.application";
		};
/* End PBXNativeTarget section */

/* Begin PBXProject section */
		25BE87B0299931A700F4B734 /* Project object */ = {
			isa = PBXProject;
			attributes = {
				BuildIndependentTargetsInParallel = 1;
				LastSwiftUpdateCheck = 1420;
				LastUpgradeCheck = 1420;
				TargetAttributes = {
					25BE87B7299931A700F4B734 = {
						CreatedOnToolsVersion = 14.2;
					};
				};
			};
			buildConfigurationList = 25BE87B3299931A700F4B734 /* Build configuration list for PBXProject "CoreData-SamMeech" */;
			compatibilityVersion = "Xcode 14.0";
			developmentRegion = en;
			hasScannedForEncodings = 0;
			knownRegions = (
				en,
				Base,
			);
			mainGroup = 25BE87AF299931A700F4B734;
			productRefGroup = 25BE87B9299931A700F4B734 /* Products */;
			projectDirPath = "";
			projectRoot = "";
			targets = (
				25BE87B7299931A700F4B734 /* CoreData-SamMeech */,
			);
		};
/* End PBXProject section */

/* Begin PBXResourcesBuildPhase section */
		25BE87B6299931A700F4B734 /* Resources */ = {
			isa = PBXResourcesBuildPhase;
			buildActionMask = 2147483647;
			files = (
				25BE87CB299931AA00F4B734 /* LaunchScreen.storyboard in Resources */,
				25BE87C8299931AA00F4B734 /* Assets.xcassets in Resources */,
				25BE87C3299931A700F4B734 /* Main.storyboard in Resources */,
			);
			runOnlyForDeploymentPostprocessing = 0;
		};
/* End PBXResourcesBuildPhase section */

/* Begin PBXSourcesBuildPhase section */
		25BE87B4299931A700F4B734 /* Sources */ = {
			isa = PBXSourcesBuildPhase;
			buildActionMask = 2147483647;
			files = (
				25BE87C0299931A700F4B734 /* ViewController.swift in Sources */,
				25BE87BC299931A700F4B734 /* AppDelegate.swift in Sources */,
				25BE87BE299931A700F4B734 /* SceneDelegate.swift in Sources */,
				25BE87C6299931A700F4B734 /* CoreData_SamMeech.xcdatamodeld in Sources */,
			);
			runOnlyForDeploymentPostprocessing = 0;
		};
/* End PBXSourcesBuildPhase section */

/* Begin PBXVariantGroup section */
		25BE87C1299931A700F4B734 /* Main.storyboard */ = {
			isa = PBXVariantGroup;
			children = (
				25BE87C2299931A700F4B734 /* Base */,
			);
			name = Main.storyboard;
			sourceTree = "<group>";
		};
		25BE87C9299931AA00F4B734 /* LaunchScreen.storyboard */ = {
			isa = PBXVariantGroup;
			children = (
				25BE87CA299931AA00F4B734 /* Base */,
			);
			name = LaunchScreen.storyboard;
			sourceTree = "<group>";
		};
/* End PBXVariantGroup section */

/* Begin XCBuildConfiguration section */
		25BE87CD299931AA00F4B734 /* Debug */ = {
			isa = XCBuildConfiguration;
			buildSettings = {
				ALWAYS_SEARCH_USER_PATHS = NO;
				CLANG_ANALYZER_NONNULL = YES;
				CLANG_ANALYZER_NUMBER_OBJECT_CONVERSION = YES_AGGRESSIVE;
				CLANG_CXX_LANGUAGE_STANDARD = "gnu++20";
				CLANG_ENABLE_MODULES = YES;
				CLANG_ENABLE_OBJC_ARC = YES;
				CLANG_ENABLE_OBJC_WEAK = YES;
				CLANG_WARN_BLOCK_CAPTURE_AUTORELEASING = YES;
				CLANG_WARN_BOOL_CONVERSION = YES;
				CLANG_WARN_COMMA = YES;
				CLANG_WARN_CONSTANT_CONVERSION = YES;
				CLANG_WARN_DEPRECATED_OBJC_IMPLEMENTATIONS = YES;
				CLANG_WARN_DIRECT_OBJC_ISA_USAGE = YES_ERROR;
				CLANG_WARN_DOCUMENTATION_COMMENTS = YES;
				CLANG_WARN_EMPTY_BODY = YES;
				CLANG_WARN_ENUM_CONVERSION = YES;
				CLANG_WARN_INFINITE_RECURSION = YES;
				CLANG_WARN_INT_CONVERSION = YES;
				CLANG_WARN_NON_LITERAL_NULL_CONVERSION = YES;
				CLANG_WARN_OBJC_IMPLICIT_RETAIN_SELF = YES;
				CLANG_WARN_OBJC_LITERAL_CONVERSION = YES;
				CLANG_WARN_OBJC_ROOT_CLASS = YES_ERROR;
				CLANG_WARN_QUOTED_INCLUDE_IN_FRAMEWORK_HEADER = YES;
				CLANG_WARN_RANGE_LOOP_ANALYSIS = YES;
				CLANG_WARN_STRICT_PROTOTYPES = YES;
				CLANG_WARN_SUSPICIOUS_MOVE = YES;
				CLANG_WARN_UNGUARDED_AVAILABILITY = YES_AGGRESSIVE;
				CLANG_WARN_UNREACHABLE_CODE = YES;
				CLANG_WARN__DUPLICATE_METHOD_MATCH = YES;
				COPY_PHASE_STRIP = NO;
				DEBUG_INFORMATION_FORMAT = dwarf;
				ENABLE_STRICT_OBJC_MSGSEND = YES;
				ENABLE_TESTABILITY = YES;
				GCC_C_LANGUAGE_STANDARD = gnu11;
				GCC_DYNAMIC_NO_PIC = NO;
				GCC_NO_COMMON_BLOCKS = YES;
				GCC_OPTIMIZATION_LEVEL = 0;
				GCC_PREPROCESSOR_DEFINITIONS = (
					"DEBUG=1",
					"$(inherited)",
				);
				GCC_WARN_64_TO_32_BIT_CONVERSION = YES;
				GCC_WARN_ABOUT_RETURN_TYPE = YES_ERROR;
				GCC_WARN_UNDECLARED_SELECTOR = YES;
				GCC_WARN_UNINITIALIZED_AUTOS = YES_AGGRESSIVE;
				GCC_WARN_UNUSED_FUNCTION = YES;
				GCC_WARN_UNUSED_VARIABLE = YES;
				IPHONEOS_DEPLOYMENT_TARGET = 16.2;
				MTL_ENABLE_DEBUG_INFO = INCLUDE_SOURCE;
				MTL_FAST_MATH = YES;
				ONLY_ACTIVE_ARCH = YES;
				SDKROOT = iphoneos;
				SWIFT_ACTIVE_COMPILATION_CONDITIONS = DEBUG;
				SWIFT_OPTIMIZATION_LEVEL = "-Onone";
			};
			name = Debug;
		};
		25BE87CE299931AA00F4B734 /* Release */ = {
			isa = XCBuildConfiguration;
			buildSettings = {
				ALWAYS_SEARCH_USER_PATHS = NO;
				CLANG_ANALYZER_NONNULL = YES;
				CLANG_ANALYZER_NUMBER_OBJECT_CONVERSION = YES_AGGRESSIVE;
				CLANG_CXX_LANGUAGE_STANDARD = "gnu++20";
				CLANG_ENABLE_MODULES = YES;
				CLANG_ENABLE_OBJC_ARC = YES;
				CLANG_ENABLE_OBJC_WEAK = YES;
				CLANG_WARN_BLOCK_CAPTURE_AUTORELEASING = YES;
				CLANG_WARN_BOOL_CONVERSION = YES;
				CLANG_WARN_COMMA = YES;
				CLANG_WARN_CONSTANT_CONVERSION = YES;
				CLANG_WARN_DEPRECATED_OBJC_IMPLEMENTATIONS = YES;
				CLANG_WARN_DIRECT_OBJC_ISA_USAGE = YES_ERROR;
				CLANG_WARN_DOCUMENTATION_COMMENTS = YES;
				CLANG_WARN_EMPTY_BODY = YES;
				CLANG_WARN_ENUM_CONVERSION = YES;
				CLANG_WARN_INFINITE_RECURSION = YES;
				CLANG_WARN_INT_CONVERSION = YES;
				CLANG_WARN_NON_LITERAL_NULL_CONVERSION = YES;
				CLANG_WARN_OBJC_IMPLICIT_RETAIN_SELF = YES;
				CLANG_WARN_OBJC_LITERAL_CONVERSION = YES;
				CLANG_WARN_OBJC_ROOT_CLASS = YES_ERROR;
				CLANG_WARN_QUOTED_INCLUDE_IN_FRAMEWORK_HEADER = YES;
				CLANG_WARN_RANGE_LOOP_ANALYSIS = YES;
				CLANG_WARN_STRICT_PROTOTYPES = YES;
				CLANG_WARN_SUSPICIOUS_MOVE = YES;
				CLANG_WARN_UNGUARDED_AVAILABILITY = YES_AGGRESSIVE;
				CLANG_WARN_UNREACHABLE_CODE = YES;
				CLANG_WARN__DUPLICATE_METHOD_MATCH = YES;
				COPY_PHASE_STRIP = NO;
				DEBUG_INFORMATION_FORMAT = "dwarf-with-dsym";
				ENABLE_NS_ASSERTIONS = NO;
				ENABLE_STRICT_OBJC_MSGSEND = YES;
				GCC_C_LANGUAGE_STANDARD = gnu11;
				GCC_NO_COMMON_BLOCKS = YES;
				GCC_WARN_64_TO_32_BIT_CONVERSION = YES;
				GCC_WARN_ABOUT_RETURN_TYPE = YES_ERROR;
				GCC_WARN_UNDECLARED_SELECTOR = YES;
				GCC_WARN_UNINITIALIZED_AUTOS = YES_AGGRESSIVE;
				GCC_WARN_UNUSED_FUNCTION = YES;
				GCC_WARN_UNUSED_VARIABLE = YES;
				IPHONEOS_DEPLOYMENT_TARGET = 16.2;
				MTL_ENABLE_DEBUG_INFO = NO;
				MTL_FAST_MATH = YES;
				SDKROOT = iphoneos;
				SWIFT_COMPILATION_MODE = wholemodule;
				SWIFT_OPTIMIZATION_LEVEL = "-O";
				VALIDATE_PRODUCT = YES;
			};
			name = Release;
		};
		25BE87D0299931AA00F4B734 /* Debug */ = {
			isa = XCBuildConfiguration;
			buildSettings = {
				ASSETCATALOG_COMPILER_APPICON_NAME = AppIcon;
				ASSETCATALOG_COMPILER_GLOBAL_ACCENT_COLOR_NAME = AccentColor;
				CODE_SIGN_STYLE = Automatic;
				CURRENT_PROJECT_VERSION = 1;
				DEVELOPMENT_TEAM = 6F8F5SWM7M;
				GENERATE_INFOPLIST_FILE = YES;
				INFOPLIST_FILE = "CoreData-SamMeech/Info.plist";
				INFOPLIST_KEY_UIApplicationSupportsIndirectInputEvents = YES;
				INFOPLIST_KEY_UILaunchStoryboardName = LaunchScreen;
				INFOPLIST_KEY_UIMainStoryboardFile = Main;
				INFOPLIST_KEY_UISupportedInterfaceOrientations_iPad = "UIInterfaceOrientationPortrait UIInterfaceOrientationPortraitUpsideDown UIInterfaceOrientationLandscapeLeft UIInterfaceOrientationLandscapeRight";
				INFOPLIST_KEY_UISupportedInterfaceOrientations_iPhone = "UIInterfaceOrientationPortrait UIInterfaceOrientationLandscapeLeft UIInterfaceOrientationLandscapeRight";
				LD_RUNPATH_SEARCH_PATHS = (
					"$(inherited)",
					"@executable_path/Frameworks",
				);
				MARKETING_VERSION = 1.0;
				PRODUCT_BUNDLE_IDENTIFIER = "com.mixinteractive.CoreData-SamMeech";
				PRODUCT_NAME = "$(TARGET_NAME)";
				SWIFT_EMIT_LOC_STRINGS = YES;
				SWIFT_VERSION = 5.0;
				TARGETED_DEVICE_FAMILY = "1,2";
			};
			name = Debug;
		};
		25BE87D1299931AA00F4B734 /* Release */ = {
			isa = XCBuildConfiguration;
			buildSettings = {
				ASSETCATALOG_COMPILER_APPICON_NAME = AppIcon;
				ASSETCATALOG_COMPILER_GLOBAL_ACCENT_COLOR_NAME = AccentColor;
				CODE_SIGN_STYLE = Automatic;
				CURRENT_PROJECT_VERSION = 1;
				DEVELOPMENT_TEAM = 6F8F5SWM7M;
				GENERATE_INFOPLIST_FILE = YES;
				INFOPLIST_FILE = "CoreData-SamMeech/Info.plist";
				INFOPLIST_KEY_UIApplicationSupportsIndirectInputEvents = YES;
				INFOPLIST_KEY_UILaunchStoryboardName = LaunchScreen;
				INFOPLIST_KEY_UIMainStoryboardFile = Main;
				INFOPLIST_KEY_UISupportedInterfaceOrientations_iPad = "UIInterfaceOrientationPortrait UIInterfaceOrientationPortraitUpsideDown UIInterfaceOrientationLandscapeLeft UIInterfaceOrientationLandscapeRight";
				INFOPLIST_KEY_UISupportedInterfaceOrientations_iPhone = "UIInterfaceOrientationPortrait UIInterfaceOrientationLandscapeLeft UIInterfaceOrientationLandscapeRight";
				LD_RUNPATH_SEARCH_PATHS = (
					"$(inherited)",
					"@executable_path/Frameworks",
				);
				MARKETING_VERSION = 1.0;
				PRODUCT_BUNDLE_IDENTIFIER = "com.mixinteractive.CoreData-SamMeech";
				PRODUCT_NAME = "$(TARGET_NAME)";
				SWIFT_EMIT_LOC_STRINGS = YES;
				SWIFT_VERSION = 5.0;
				TARGETED_DEVICE_FAMILY = "1,2";
			};
			name = Release;
		};
/* End XCBuildConfiguration section */

/* Begin XCConfigurationList section */
		25BE87B3299931A700F4B734 /* Build configuration list for PBXProject "CoreData-SamMeech" */ = {
			isa = XCConfigurationList;
			buildConfigurations = (
				25BE87CD299931AA00F4B734 /* Debug */,
				25BE87CE299931AA00F4B734 /* Release */,
			);
			defaultConfigurationIsVisible = 0;
			defaultConfigurationName = Release;
		};
		25BE87CF299931AA00F4B734 /* Build configuration list for PBXNativeTarget "CoreData-SamMeech" */ = {
			isa = XCConfigurationList;
			buildConfigurations = (
				25BE87D0299931AA00F4B734 /* Debug */,
				25BE87D1299931AA00F4B734 /* Release */,
			);
			defaultConfigurationIsVisible = 0;
			defaultConfigurationName = Release;
		};
/* End XCConfigurationList section */

/* Begin XCVersionGroup section */
		25BE87C4299931A700F4B734 /* CoreData_SamMeech.xcdatamodeld */ = {
			isa = XCVersionGroup;
			children = (
				25BE87C5299931A700F4B734 /* CoreData_SamMeech.xcdatamodel */,
			);
			currentVersion = 25BE87C5299931A700F4B734 /* CoreData_SamMeech.xcdatamodel */;
			path = CoreData_SamMeech.xcdatamodeld;
			sourceTree = "<group>";
			versionGroupType = wrapper.xcdatamodel;
		};
/* End XCVersionGroup section */
	};
	rootObject = 25BE87B0299931A700F4B734 /* Project object */;
}
